
Microsoft Visual Studio Solution File, Format Version 12.00
# Visual Studio Version 17
VisualStudioVersion = 17.7.34009.444
MinimumVisualStudioVersion = 10.0.40219.1
Project("{9A19103F-16F7-4668-BE54-9A1E7A4F7556}") = "Server", "Server\Server.csproj", "{39C52DE1-B4CC-49A0-A8E3-8A3FC9B4075F}"
EndProject
Project("{9A19103F-16F7-4668-BE54-9A1E7A4F7556}") = "DataLayer", "DataLayer\DataLayer.csproj", "{4CA4CB35-5310-4009-A5F0-01A145568116}"
EndProject
Project("{9A19103F-16F7-4668-BE54-9A1E7A4F7556}") = "ServiceLayer.Dapper", "Services.Dapper\ServiceLayer.Dapper.csproj", "{CA4D5DAF-4A60-44B7-A1D5-D81D467707FF}"
EndProject
Global
	GlobalSection(SolutionConfigurationPlatforms) = preSolution
		Debug|Any CPU = Debug|Any CPU
		Release|Any CPU = Release|Any CPU
	EndGlobalSection
	GlobalSection(ProjectConfigurationPlatforms) = postSolution
		{39C52DE1-B4CC-49A0-A8E3-8A3FC9B4075F}.Debug|Any CPU.ActiveCfg = Debug|Any CPU
		{39C52DE1-B4CC-49A0-A8E3-8A3FC9B4075F}.Debug|Any CPU.Build.0 = Debug|Any CPU
		{39C52DE1-B4CC-49A0-A8E3-8A3FC9B4075F}.Release|Any CPU.ActiveCfg = Release|Any CPU
		{39C52DE1-B4CC-49A0-A8E3-8A3FC9B4075F}.Release|Any CPU.Build.0 = Release|Any CPU
		{4CA4CB35-5310-4009-A5F0-01A145568116}.Debug|Any CPU.ActiveCfg = Debug|Any CPU
		{4CA4CB35-5310-4009-A5F0-01A145568116}.Debug|Any CPU.Build.0 = Debug|Any CPU
		{4CA4CB35-5310-4009-A5F0-01A145568116}.Release|Any CPU.ActiveCfg = Release|Any CPU
		{4CA4CB35-5310-4009-A5F0-01A145568116}.Release|Any CPU.Build.0 = Release|Any CPU
		{CA4D5DAF-4A60-44B7-A1D5-D81D467707FF}.Debug|Any CPU.ActiveCfg = Debug|Any CPU
		{CA4D5DAF-4A60-44B7-A1D5-D81D467707FF}.Debug|Any CPU.Build.0 = Debug|Any CPU
		{CA4D5DAF-4A60-44B7-A1D5-D81D467707FF}.Release|Any CPU.ActiveCfg = Release|Any CPU
		{CA4D5DAF-4A60-44B7-A1D5-D81D467707FF}.Release|Any CPU.Build.0 = Release|Any CPU
	EndGlobalSection
	GlobalSection(SolutionProperties) = preSolution
		HideSolutionNode = FALSE
	EndGlobalSection
	GlobalSection(ExtensibilityGlobals) = postSolution
		SolutionGuid = {CB0CD985-C0DA-44CE-8658-DAED241A3523}
	EndGlobalSection
EndGlobal
